<Solution>
  <Project Path="Platform.Domain/Platform.Domain.csproj" />
  <Project Path="Platform.Application/Platform.Application.csproj" />
  <Project Path="Platform.Infrastructure/Platform.Infrastructure.csproj" />
  <Project Path="Platform.Web/Platform.Web.csproj" />
  <!-- پروژهٔ اجرایی: فقط همین یکی را اجرا کنید (در Visual Studio: Set as Startup Project) -->
  <Project Path="Platform.App/Platform.App.csproj" />
  <Project Path="Platform.Tests/Platform.Tests.csproj" />
</Solution>
