<Solution>
  <Project Path="src/Platform.Domain/Platform.Domain.csproj" />
  <Project Path="src/Platform.Application/Platform.Application.csproj" />
  <Project Path="src/Platform.Infrastructure/Platform.Infrastructure.csproj" />
  <Project Path="src/Platform.Web/Platform.Web.csproj" />
  <Project Path="src/Platform.Web.Hosting/Platform.Web.Hosting.csproj" />
  <Project Path="samples/Meetings/Meetings.csproj" />
  <Project Path="samples/Sample.Web/Sample.Web.csproj" />
  <Project Path="tests/Platform.Tests/Platform.Tests.csproj" />
</Solution>